
Microsoft Visual Studio Solution File, Format Version 12.00
# Visual Studio Version 17
VisualStudioVersion = 17.4.33205.214
MinimumVisualStudioVersion = 10.0.40219.1
Project("{FAE04EC0-301F-11D3-BF4B-00C04F79EFBC}") = "Task2", "Task2\Task2.csproj", "{89BC748A-C692-4DEF-966B-EA192BB866FC}"
EndProject
Global
	GlobalSection(SolutionConfigurationPlatforms) = preSolution
		Debug|Any CPU = Debug|Any CPU
		Release|Any CPU = Release|Any CPU
	EndGlobalSection
	GlobalSection(ProjectConfigurationPlatforms) = postSolution
		{89BC748A-C692-4DEF-966B-EA192BB866FC}.Debug|Any CPU.ActiveCfg = Debug|Any CPU
		{89BC748A-C692-4DEF-966B-EA192BB866FC}.Debug|Any CPU.Build.0 = Debug|Any CPU
		{89BC748A-C692-4DEF-966B-EA192BB866FC}.Release|Any CPU.ActiveCfg = Release|Any CPU
		{89BC748A-C692-4DEF-966B-EA192BB866FC}.Release|Any CPU.Build.0 = Release|Any CPU
	EndGlobalSection
	GlobalSection(SolutionProperties) = preSolution
		HideSolutionNode = FALSE
	EndGlobalSection
	GlobalSection(ExtensibilityGlobals) = postSolution
		SolutionGuid = {D98AAB7D-9D8E-4CED-A797-D0E03AD1BECE}
	EndGlobalSection
EndGlobal
